// !$*UTF8*$!
{
	archiveVersion = 1;
	classes = {
	};
	objectVersion = 46;
	objects = {

/* Begin PBXAggregateTarget section */
		"Algebra::AlgebraPackageTests::ProductTarget" /* AlgebraPackageTests */ = {
			isa = PBXAggregateTarget;
			buildConfigurationList = OBJ_53 /* Build configuration list for PBXAggregateTarget "AlgebraPackageTests" */;
			buildPhases = (
			);
			dependencies = (
				OBJ_56 /* PBXTargetDependency */,
			);
			name = AlgebraPackageTests;
			productName = AlgebraPackageTests;
		};
/* End PBXAggregateTarget section */

/* Begin PBXBuildFile section */
		OBJ_31 /* AlgebraTests.swift in Sources */ = {isa = PBXBuildFile; fileRef = OBJ_22 /* AlgebraTests.swift */; };
		OBJ_33 /* Algebra.framework in Frameworks */ = {isa = PBXBuildFile; fileRef = "Algebra::Algebra::Product" /* Algebra.framework */; };
		OBJ_40 /* Additive.swift in Sources */ = {isa = PBXBuildFile; fileRef = OBJ_9 /* Additive.swift */; };
		OBJ_41 /* AdditiveSemigroup.swift in Sources */ = {isa = PBXBuildFile; fileRef = OBJ_10 /* AdditiveSemigroup.swift */; };
		OBJ_42 /* Monoid.swift in Sources */ = {isa = PBXBuildFile; fileRef = OBJ_11 /* Monoid.swift */; };
		OBJ_43 /* MonoidView.swift in Sources */ = {isa = PBXBuildFile; fileRef = OBJ_12 /* MonoidView.swift */; };
		OBJ_44 /* Multiplicative.swift in Sources */ = {isa = PBXBuildFile; fileRef = OBJ_13 /* Multiplicative.swift */; };
		OBJ_45 /* MultiplicativeSemigroup.swift in Sources */ = {isa = PBXBuildFile; fileRef = OBJ_14 /* MultiplicativeSemigroup.swift */; };
		OBJ_46 /* One.swift in Sources */ = {isa = PBXBuildFile; fileRef = OBJ_15 /* One.swift */; };
		OBJ_47 /* Product.swift in Sources */ = {isa = PBXBuildFile; fileRef = OBJ_16 /* Product.swift */; };
		OBJ_48 /* Semigroup.swift in Sources */ = {isa = PBXBuildFile; fileRef = OBJ_17 /* Semigroup.swift */; };
		OBJ_49 /* Sum.swift in Sources */ = {isa = PBXBuildFile; fileRef = OBJ_18 /* Sum.swift */; };
		OBJ_50 /* Zero.swift in Sources */ = {isa = PBXBuildFile; fileRef = OBJ_19 /* Zero.swift */; };
/* End PBXBuildFile section */

/* Begin PBXContainerItemProxy section */
		07F98B4F1F26A48A003C6783 /* PBXContainerItemProxy */ = {
			isa = PBXContainerItemProxy;
			containerPortal = OBJ_1 /* Project object */;
			proxyType = 1;
			remoteGlobalIDString = "Algebra::Algebra";
			remoteInfo = Algebra;
		};
		07F98B501F26A48C003C6783 /* PBXContainerItemProxy */ = {
			isa = PBXContainerItemProxy;
			containerPortal = OBJ_1 /* Project object */;
			proxyType = 1;
			remoteGlobalIDString = "Algebra::AlgebraTests";
			remoteInfo = AlgebraTests;
		};
/* End PBXContainerItemProxy section */

/* Begin PBXFileReference section */
		"Algebra::Algebra::Product" /* Algebra.framework */ = {isa = PBXFileReference; explicitFileType = wrapper.framework; path = Algebra.framework; sourceTree = BUILT_PRODUCTS_DIR; };
		"Algebra::AlgebraTests::Product" /* AlgebraTests.xctest */ = {isa = PBXFileReference; explicitFileType = wrapper.cfbundle; path = AlgebraTests.xctest; sourceTree = BUILT_PRODUCTS_DIR; };
		OBJ_10 /* AdditiveSemigroup.swift */ = {isa = PBXFileReference; lastKnownFileType = sourcecode.swift; path = AdditiveSemigroup.swift; sourceTree = "<group>"; };
		OBJ_11 /* Monoid.swift */ = {isa = PBXFileReference; lastKnownFileType = sourcecode.swift; path = Monoid.swift; sourceTree = "<group>"; };
		OBJ_12 /* MonoidView.swift */ = {isa = PBXFileReference; lastKnownFileType = sourcecode.swift; path = MonoidView.swift; sourceTree = "<group>"; };
		OBJ_13 /* Multiplicative.swift */ = {isa = PBXFileReference; lastKnownFileType = sourcecode.swift; path = Multiplicative.swift; sourceTree = "<group>"; };
		OBJ_14 /* MultiplicativeSemigroup.swift */ = {isa = PBXFileReference; lastKnownFileType = sourcecode.swift; path = MultiplicativeSemigroup.swift; sourceTree = "<group>"; };
		OBJ_15 /* One.swift */ = {isa = PBXFileReference; lastKnownFileType = sourcecode.swift; path = One.swift; sourceTree = "<group>"; };
		OBJ_16 /* Product.swift */ = {isa = PBXFileReference; lastKnownFileType = sourcecode.swift; path = Product.swift; sourceTree = "<group>"; };
		OBJ_17 /* Semigroup.swift */ = {isa = PBXFileReference; lastKnownFileType = sourcecode.swift; path = Semigroup.swift; sourceTree = "<group>"; };
		OBJ_18 /* Sum.swift */ = {isa = PBXFileReference; lastKnownFileType = sourcecode.swift; path = Sum.swift; sourceTree = "<group>"; };
		OBJ_19 /* Zero.swift */ = {isa = PBXFileReference; lastKnownFileType = sourcecode.swift; path = Zero.swift; sourceTree = "<group>"; };
		OBJ_22 /* AlgebraTests.swift */ = {isa = PBXFileReference; lastKnownFileType = sourcecode.swift; path = AlgebraTests.swift; sourceTree = "<group>"; };
		OBJ_6 /* Package.swift */ = {isa = PBXFileReference; explicitFileType = sourcecode.swift; path = Package.swift; sourceTree = "<group>"; };
		OBJ_9 /* Additive.swift */ = {isa = PBXFileReference; lastKnownFileType = sourcecode.swift; path = Additive.swift; sourceTree = "<group>"; };
/* End PBXFileReference section */

/* Begin PBXFrameworksBuildPhase section */
		OBJ_32 /* Frameworks */ = {
			isa = PBXFrameworksBuildPhase;
			buildActionMask = 0;
			files = (
				OBJ_33 /* Algebra.framework in Frameworks */,
			);
			runOnlyForDeploymentPostprocessing = 0;
		};
		OBJ_51 /* Frameworks */ = {
			isa = PBXFrameworksBuildPhase;
			buildActionMask = 0;
			files = (
			);
			runOnlyForDeploymentPostprocessing = 0;
		};
/* End PBXFrameworksBuildPhase section */

/* Begin PBXGroup section */
		OBJ_20 /* Tests */ = {
			isa = PBXGroup;
			children = (
				OBJ_21 /* AlgebraTests */,
			);
			name = Tests;
			sourceTree = SOURCE_ROOT;
		};
		OBJ_21 /* AlgebraTests */ = {
			isa = PBXGroup;
			children = (
				OBJ_22 /* AlgebraTests.swift */,
			);
			name = AlgebraTests;
			path = Tests/AlgebraTests;
			sourceTree = SOURCE_ROOT;
		};
		OBJ_23 /* Products */ = {
			isa = PBXGroup;
			children = (
				"Algebra::AlgebraTests::Product" /* AlgebraTests.xctest */,
				"Algebra::Algebra::Product" /* Algebra.framework */,
			);
			name = Products;
			sourceTree = BUILT_PRODUCTS_DIR;
		};
		OBJ_5 /*  */ = {
			isa = PBXGroup;
			children = (
				OBJ_6 /* Package.swift */,
				OBJ_7 /* Sources */,
				OBJ_20 /* Tests */,
				OBJ_23 /* Products */,
			);
			name = "";
			sourceTree = "<group>";
		};
		OBJ_7 /* Sources */ = {
			isa = PBXGroup;
			children = (
				OBJ_8 /* Algebra */,
			);
			name = Sources;
			sourceTree = SOURCE_ROOT;
		};
		OBJ_8 /* Algebra */ = {
			isa = PBXGroup;
			children = (
				OBJ_9 /* Additive.swift */,
				OBJ_10 /* AdditiveSemigroup.swift */,
				OBJ_11 /* Monoid.swift */,
				OBJ_12 /* MonoidView.swift */,
				OBJ_13 /* Multiplicative.swift */,
				OBJ_14 /* MultiplicativeSemigroup.swift */,
				OBJ_15 /* One.swift */,
				OBJ_16 /* Product.swift */,
				OBJ_17 /* Semigroup.swift */,
				OBJ_18 /* Sum.swift */,
				OBJ_19 /* Zero.swift */,
			);
			name = Algebra;
			path = Sources/Algebra;
			sourceTree = SOURCE_ROOT;
		};
/* End PBXGroup section */

/* Begin PBXNativeTarget section */
		"Algebra::Algebra" /* Algebra */ = {
			isa = PBXNativeTarget;
			buildConfigurationList = OBJ_36 /* Build configuration list for PBXNativeTarget "Algebra" */;
			buildPhases = (
				OBJ_39 /* Sources */,
				OBJ_51 /* Frameworks */,
			);
			buildRules = (
			);
			dependencies = (
			);
			name = Algebra;
			productName = Algebra;
			productReference = "Algebra::Algebra::Product" /* Algebra.framework */;
			productType = "com.apple.product-type.framework";
		};
		"Algebra::AlgebraTests" /* AlgebraTests */ = {
			isa = PBXNativeTarget;
			buildConfigurationList = OBJ_27 /* Build configuration list for PBXNativeTarget "AlgebraTests" */;
			buildPhases = (
				OBJ_30 /* Sources */,
				OBJ_32 /* Frameworks */,
			);
			buildRules = (
			);
			dependencies = (
				OBJ_34 /* PBXTargetDependency */,
			);
			name = AlgebraTests;
			productName = AlgebraTests;
			productReference = "Algebra::AlgebraTests::Product" /* AlgebraTests.xctest */;
			productType = "com.apple.product-type.bundle.unit-test";
		};
/* End PBXNativeTarget section */

/* Begin PBXProject section */
		OBJ_1 /* Project object */ = {
			isa = PBXProject;
			attributes = {
				LastUpgradeCheck = 9999;
				TargetAttributes = {
					"Algebra::Algebra" = {
						LastSwiftMigration = 0900;
					};
					"Algebra::AlgebraTests" = {
						LastSwiftMigration = 0900;
					};
				};
			};
			buildConfigurationList = OBJ_2 /* Build configuration list for PBXProject "Algebra" */;
			compatibilityVersion = "Xcode 3.2";
			developmentRegion = English;
			hasScannedForEncodings = 0;
			knownRegions = (
				en,
			);
			mainGroup = OBJ_5 /*  */;
			productRefGroup = OBJ_23 /* Products */;
			projectDirPath = "";
			projectRoot = "";
			targets = (
				"Algebra::AlgebraTests" /* AlgebraTests */,
				"Algebra::Algebra" /* Algebra */,
				"Algebra::AlgebraPackageTests::ProductTarget" /* AlgebraPackageTests */,
			);
		};
/* End PBXProject section */

/* Begin PBXSourcesBuildPhase section */
		OBJ_30 /* Sources */ = {
			isa = PBXSourcesBuildPhase;
			buildActionMask = 0;
			files = (
				OBJ_31 /* AlgebraTests.swift in Sources */,
			);
			runOnlyForDeploymentPostprocessing = 0;
		};
		OBJ_39 /* Sources */ = {
			isa = PBXSourcesBuildPhase;
			buildActionMask = 0;
			files = (
				OBJ_40 /* Additive.swift in Sources */,
				OBJ_41 /* AdditiveSemigroup.swift in Sources */,
				OBJ_42 /* Monoid.swift in Sources */,
				OBJ_43 /* MonoidView.swift in Sources */,
				OBJ_44 /* Multiplicative.swift in Sources */,
				OBJ_45 /* MultiplicativeSemigroup.swift in Sources */,
				OBJ_46 /* One.swift in Sources */,
				OBJ_47 /* Product.swift in Sources */,
				OBJ_48 /* Semigroup.swift in Sources */,
				OBJ_49 /* Sum.swift in Sources */,
				OBJ_50 /* Zero.swift in Sources */,
			);
			runOnlyForDeploymentPostprocessing = 0;
		};
/* End PBXSourcesBuildPhase section */

/* Begin PBXTargetDependency section */
		OBJ_34 /* PBXTargetDependency */ = {
			isa = PBXTargetDependency;
			target = "Algebra::Algebra" /* Algebra */;
			targetProxy = 07F98B4F1F26A48A003C6783 /* PBXContainerItemProxy */;
		};
		OBJ_56 /* PBXTargetDependency */ = {
			isa = PBXTargetDependency;
			target = "Algebra::AlgebraTests" /* AlgebraTests */;
			targetProxy = 07F98B501F26A48C003C6783 /* PBXContainerItemProxy */;
		};
/* End PBXTargetDependency section */

/* Begin XCBuildConfiguration section */
		OBJ_28 /* Debug */ = {
			isa = XCBuildConfiguration;
			buildSettings = {
				EMBEDDED_CONTENT_CONTAINS_SWIFT = YES;
				FRAMEWORK_SEARCH_PATHS = (
					"$(inherited)",
					"$(PLATFORM_DIR)/Developer/Library/Frameworks",
				);
				HEADER_SEARCH_PATHS = "$(inherited)";
				INFOPLIST_FILE = Algebra.xcodeproj/AlgebraTests_Info.plist;
				LD_RUNPATH_SEARCH_PATHS = "@loader_path/../Frameworks @loader_path/Frameworks";
				OTHER_LDFLAGS = "$(inherited)";
				OTHER_SWIFT_FLAGS = "$(inherited)";
				SWIFT_SWIFT3_OBJC_INFERENCE = On;
				SWIFT_VERSION = 4.0;
				TARGET_NAME = AlgebraTests;
			};
			name = Debug;
		};
		OBJ_29 /* Release */ = {
			isa = XCBuildConfiguration;
			buildSettings = {
				EMBEDDED_CONTENT_CONTAINS_SWIFT = YES;
				FRAMEWORK_SEARCH_PATHS = (
					"$(inherited)",
					"$(PLATFORM_DIR)/Developer/Library/Frameworks",
				);
				HEADER_SEARCH_PATHS = "$(inherited)";
				INFOPLIST_FILE = Algebra.xcodeproj/AlgebraTests_Info.plist;
				LD_RUNPATH_SEARCH_PATHS = "@loader_path/../Frameworks @loader_path/Frameworks";
				OTHER_LDFLAGS = "$(inherited)";
				OTHER_SWIFT_FLAGS = "$(inherited)";
				SWIFT_SWIFT3_OBJC_INFERENCE = On;
				SWIFT_VERSION = 4.0;
				TARGET_NAME = AlgebraTests;
			};
			name = Release;
		};
		OBJ_3 /* Debug */ = {
			isa = XCBuildConfiguration;
			buildSettings = {
				CLANG_ENABLE_OBJC_ARC = YES;
				COMBINE_HIDPI_IMAGES = YES;
				COPY_PHASE_STRIP = NO;
				DEBUG_INFORMATION_FORMAT = dwarf;
				DYLIB_INSTALL_NAME_BASE = "@rpath";
				ENABLE_NS_ASSERTIONS = YES;
				GCC_OPTIMIZATION_LEVEL = 0;
				MACOSX_DEPLOYMENT_TARGET = 10.10;
				ONLY_ACTIVE_ARCH = YES;
				OTHER_SWIFT_FLAGS = "-DXcode";
				PRODUCT_NAME = "$(TARGET_NAME)";
				SDKROOT = macosx;
				SUPPORTED_PLATFORMS = "macosx iphoneos iphonesimulator appletvos appletvsimulator watchos watchsimulator";
				SWIFT_ACTIVE_COMPILATION_CONDITIONS = SWIFT_PACKAGE;
				SWIFT_OPTIMIZATION_LEVEL = "-Onone";
				SWIFT_VERSION = 3.0;
				USE_HEADERMAP = NO;
			};
			name = Debug;
		};
		OBJ_37 /* Debug */ = {
			isa = XCBuildConfiguration;
			buildSettings = {
				ENABLE_TESTABILITY = YES;
				FRAMEWORK_SEARCH_PATHS = (
					"$(inherited)",
					"$(PLATFORM_DIR)/Developer/Library/Frameworks",
				);
				HEADER_SEARCH_PATHS = "$(inherited)";
				INFOPLIST_FILE = Algebra.xcodeproj/Algebra_Info.plist;
				LD_RUNPATH_SEARCH_PATHS = "$(TOOLCHAIN_DIR)/usr/lib/swift/macosx";
				OTHER_LDFLAGS = "$(inherited)";
				OTHER_SWIFT_FLAGS = "$(inherited)";
				PRODUCT_BUNDLE_IDENTIFIER = Algebra;
				PRODUCT_MODULE_NAME = "$(TARGET_NAME:c99extidentifier)";
				PRODUCT_NAME = "$(TARGET_NAME:c99extidentifier)";
				SKIP_INSTALL = YES;
				SWIFT_SWIFT3_OBJC_INFERENCE = On;
				SWIFT_VERSION = 4.0;
				TARGET_NAME = Algebra;
			};
			name = Debug;
		};
		OBJ_38 /* Release */ = {
			isa = XCBuildConfiguration;
			buildSettings = {
				ENABLE_TESTABILITY = YES;
				FRAMEWORK_SEARCH_PATHS = (
					"$(inherited)",
					"$(PLATFORM_DIR)/Developer/Library/Frameworks",
				);
				HEADER_SEARCH_PATHS = "$(inherited)";
				INFOPLIST_FILE = Algebra.xcodeproj/Algebra_Info.plist;
				LD_RUNPATH_SEARCH_PATHS = "$(TOOLCHAIN_DIR)/usr/lib/swift/macosx";
				OTHER_LDFLAGS = "$(inherited)";
				OTHER_SWIFT_FLAGS = "$(inherited)";
				PRODUCT_BUNDLE_IDENTIFIER = Algebra;
				PRODUCT_MODULE_NAME = "$(TARGET_NAME:c99extidentifier)";
				PRODUCT_NAME = "$(TARGET_NAME:c99extidentifier)";
				SKIP_INSTALL = YES;
				SWIFT_SWIFT3_OBJC_INFERENCE = On;
				SWIFT_VERSION = 4.0;
				TARGET_NAME = Algebra;
			};
			name = Release;
		};
		OBJ_4 /* Release */ = {
			isa = XCBuildConfiguration;
			buildSettings = {
				CLANG_ENABLE_OBJC_ARC = YES;
				COMBINE_HIDPI_IMAGES = YES;
				COPY_PHASE_STRIP = YES;
				DEBUG_INFORMATION_FORMAT = "dwarf-with-dsym";
				DYLIB_INSTALL_NAME_BASE = "@rpath";
				GCC_OPTIMIZATION_LEVEL = s;
				MACOSX_DEPLOYMENT_TARGET = 10.10;
				OTHER_SWIFT_FLAGS = "-DXcode";
				PRODUCT_NAME = "$(TARGET_NAME)";
				SDKROOT = macosx;
				SUPPORTED_PLATFORMS = "macosx iphoneos iphonesimulator appletvos appletvsimulator watchos watchsimulator";
				SWIFT_ACTIVE_COMPILATION_CONDITIONS = SWIFT_PACKAGE;
				SWIFT_OPTIMIZATION_LEVEL = "-Owholemodule";
				SWIFT_VERSION = 3.0;
				USE_HEADERMAP = NO;
			};
			name = Release;
		};
		OBJ_54 /* Debug */ = {
			isa = XCBuildConfiguration;
			buildSettings = {
			};
			name = Debug;
		};
		OBJ_55 /* Release */ = {
			isa = XCBuildConfiguration;
			buildSettings = {
			};
			name = Release;
		};
/* End XCBuildConfiguration section */

/* Begin XCConfigurationList section */
		OBJ_2 /* Build configuration list for PBXProject "Algebra" */ = {
			isa = XCConfigurationList;
			buildConfigurations = (
				OBJ_3 /* Debug */,
				OBJ_4 /* Release */,
			);
			defaultConfigurationIsVisible = 0;
			defaultConfigurationName = Debug;
		};
		OBJ_27 /* Build configuration list for PBXNativeTarget "AlgebraTests" */ = {
			isa = XCConfigurationList;
			buildConfigurations = (
				OBJ_28 /* Debug */,
				OBJ_29 /* Release */,
			);
			defaultConfigurationIsVisible = 0;
			defaultConfigurationName = Debug;
		};
		OBJ_36 /* Build configuration list for PBXNativeTarget "Algebra" */ = {
			isa = XCConfigurationList;
			buildConfigurations = (
				OBJ_37 /* Debug */,
				OBJ_38 /* Release */,
			);
			defaultConfigurationIsVisible = 0;
			defaultConfigurationName = Debug;
		};
		OBJ_53 /* Build configuration list for PBXAggregateTarget "AlgebraPackageTests" */ = {
			isa = XCConfigurationList;
			buildConfigurations = (
				OBJ_54 /* Debug */,
				OBJ_55 /* Release */,
			);
			defaultConfigurationIsVisible = 0;
			defaultConfigurationName = Debug;
		};
/* End XCConfigurationList section */
	};
	rootObject = OBJ_1 /* Project object */;
}
